
Microsoft Visual Studio Solution File, Format Version 12.00
# Visual Studio 15
VisualStudioVersion = 15.0.27004.2002
MinimumVisualStudioVersion = 10.0.40219.1
Project("{FAE04EC0-301F-11D3-BF4B-00C04F79EFBC}") = "Botsy", "Botsy\Botsy.csproj", "{4C46C95A-2191-42D8-A739-9EF7C68690D0}"
EndProject
Global
	GlobalSection(SolutionConfigurationPlatforms) = preSolution
		Debug|Any CPU = Debug|Any CPU
		Release|Any CPU = Release|Any CPU
	EndGlobalSection
	GlobalSection(ProjectConfigurationPlatforms) = postSolution
		{4C46C95A-2191-42D8-A739-9EF7C68690D0}.Debug|Any CPU.ActiveCfg = Debug|Any CPU
		{4C46C95A-2191-42D8-A739-9EF7C68690D0}.Debug|Any CPU.Build.0 = Debug|Any CPU
		{4C46C95A-2191-42D8-A739-9EF7C68690D0}.Release|Any CPU.ActiveCfg = Release|Any CPU
		{4C46C95A-2191-42D8-A739-9EF7C68690D0}.Release|Any CPU.Build.0 = Release|Any CPU
	EndGlobalSection
	GlobalSection(SolutionProperties) = preSolution
		HideSolutionNode = FALSE
	EndGlobalSection
	GlobalSection(ExtensibilityGlobals) = postSolution
		SolutionGuid = {FC928B41-1C7A-43F7-A51F-8F0151CFA112}
	EndGlobalSection
EndGlobal
